# This file is automatically @generated by pesde.
# It is not intended for manual editing.
format = 2
name = "leanoob/genuinegame"
version = "0.1.0"
target = "roblox"

[graph."centau/vide@0.4.0 roblox"]
direct = ["vide", { repo = "https://github.com/centau/vide", rev = "main" }, "standard"]

[graph."centau/vide@0.4.0 roblox".pkg_ref]
ref_ty = "git"
repo = "https://github.com/centau/vide"
tree_id = "ea206a05f5cef9a870aed580cd7d91c95825a021"
new_structure = true

[graph."marked/jecs@0.9.0 roblox"]
direct = ["jecs", { name = "marked/jecs", version = "^0.9.0", index = "default" }, "standard"]

[graph."marked/jecs@0.9.0 roblox".pkg_ref]
ref_ty = "pesde"
index_url = "https://github.com/pesde-pkg/index"

[graph."wally#lm-loleris/profilestore@1.0.3 roblox_server"]
direct = ["profilestore", { wally = "wally#lm-loleris/profilestore", version = "^1.0.3", index = "default" }, "standard"]

[graph."wally#lm-loleris/profilestore@1.0.3 roblox_server".pkg_ref]
ref_ty = "wally"
index_url = "https://github.com/UpliftGames/wally-index"
