# This file is automatically @generated by pesde.
# It is not intended for manual editing.
format = 1
name = "leanoob/genuinegame"
version = "0.1.0"
target = "roblox"

[graph."wally#lm-loleris/profilestore@1.0.3 roblox_server"]
direct = ["profilestore", { wally = "wally#lm-loleris/profilestore", version = "^1.0.3", index = "default" }, "standard"]
resolved_ty = "standard"

[graph."wally#lm-loleris/profilestore@1.0.3 roblox_server".pkg_ref]
ref_ty = "wally"
index_url = "https://github.com/UpliftGames/wally-index"
